// !$*UTF8*$!
{
	archiveVersion = 1;
	classes = {
	};
	objectVersion = 46;
	objects = {

/* Begin PBXBuildFile section */
		2CCA170A37D8227171589B3E /* libPods.a in Frameworks */ = {isa = PBXBuildFile; fileRef = 2C2B5F65D8662C39B5592AB6 /* libPods.a */; };
		D6B806DF1A744F2D00A46D41 /* MovieDetailViewController.m in Sources */ = {isa = PBXBuildFile; fileRef = D6B806DD1A744F2D00A46D41 /* MovieDetailViewController.m */; };
		D6B806E01A744F2D00A46D41 /* MovieDetailViewController.xib in Resources */ = {isa = PBXBuildFile; fileRef = D6B806DE1A744F2D00A46D41 /* MovieDetailViewController.xib */; };
		D6CED6071A70CC3C00DCD7AC /* main.m in Sources */ = {isa = PBXBuildFile; fileRef = D6CED6061A70CC3C00DCD7AC /* main.m */; };
		D6CED60A1A70CC3C00DCD7AC /* AppDelegate.m in Sources */ = {isa = PBXBuildFile; fileRef = D6CED6091A70CC3C00DCD7AC /* AppDelegate.m */; };
		D6CED6121A70CC3C00DCD7AC /* Images.xcassets in Resources */ = {isa = PBXBuildFile; fileRef = D6CED6111A70CC3C00DCD7AC /* Images.xcassets */; };
		D6CED6151A70CC3C00DCD7AC /* LaunchScreen.xib in Resources */ = {isa = PBXBuildFile; fileRef = D6CED6131A70CC3C00DCD7AC /* LaunchScreen.xib */; };
		D6CED6211A70CC3C00DCD7AC /* Rotten_TomatoesTests.m in Sources */ = {isa = PBXBuildFile; fileRef = D6CED6201A70CC3C00DCD7AC /* Rotten_TomatoesTests.m */; };
		D6CED62D1A70CDFD00DCD7AC /* MoviesViewController.m in Sources */ = {isa = PBXBuildFile; fileRef = D6CED62B1A70CDFD00DCD7AC /* MoviesViewController.m */; };
		D6CED62E1A70CDFD00DCD7AC /* MoviesViewController.xib in Resources */ = {isa = PBXBuildFile; fileRef = D6CED62C1A70CDFD00DCD7AC /* MoviesViewController.xib */; };
		D6CED6371A70E4FA00DCD7AC /* MovieCell.m in Sources */ = {isa = PBXBuildFile; fileRef = D6CED6351A70E4FA00DCD7AC /* MovieCell.m */; };
		D6CED6381A70E4FA00DCD7AC /* MovieCell.xib in Resources */ = {isa = PBXBuildFile; fileRef = D6CED6361A70E4FA00DCD7AC /* MovieCell.xib */; };
/* End PBXBuildFile section */

/* Begin PBXContainerItemProxy section */
		D6CED61B1A70CC3C00DCD7AC /* PBXContainerItemProxy */ = {
			isa = PBXContainerItemProxy;
			containerPortal = D6CED5F91A70CC3B00DCD7AC /* Project object */;
			proxyType = 1;
			remoteGlobalIDString = D6CED6001A70CC3B00DCD7AC;
			remoteInfo = "Rotten Tomatoes";
		};
/* End PBXContainerItemProxy section */

/* Begin PBXFileReference section */
		2C2B5F65D8662C39B5592AB6 /* libPods.a */ = {isa = PBXFileReference; explicitFileType = archive.ar; includeInIndex = 0; path = libPods.a; sourceTree = BUILT_PRODUCTS_DIR; };
		40F2647A8554BA75C08A229A /* Pods.debug.xcconfig */ = {isa = PBXFileReference; includeInIndex = 1; lastKnownFileType = text.xcconfig; name = Pods.debug.xcconfig; path = "Pods/Target Support Files/Pods/Pods.debug.xcconfig"; sourceTree = "<group>"; };
		D6B806DC1A744F2D00A46D41 /* MovieDetailViewController.h */ = {isa = PBXFileReference; fileEncoding = 4; lastKnownFileType = sourcecode.c.h; path = MovieDetailViewController.h; sourceTree = "<group>"; };
		D6B806DD1A744F2D00A46D41 /* MovieDetailViewController.m */ = {isa = PBXFileReference; fileEncoding = 4; lastKnownFileType = sourcecode.c.objc; path = MovieDetailViewController.m; sourceTree = "<group>"; };
		D6B806DE1A744F2D00A46D41 /* MovieDetailViewController.xib */ = {isa = PBXFileReference; fileEncoding = 4; lastKnownFileType = file.xib; path = MovieDetailViewController.xib; sourceTree = "<group>"; };
		D6CED6011A70CC3C00DCD7AC /* Rotten Tomatoes.app */ = {isa = PBXFileReference; explicitFileType = wrapper.application; includeInIndex = 0; path = "Rotten Tomatoes.app"; sourceTree = BUILT_PRODUCTS_DIR; };
		D6CED6051A70CC3C00DCD7AC /* Info.plist */ = {isa = PBXFileReference; lastKnownFileType = text.plist.xml; path = Info.plist; sourceTree = "<group>"; };
		D6CED6061A70CC3C00DCD7AC /* main.m */ = {isa = PBXFileReference; lastKnownFileType = sourcecode.c.objc; path = main.m; sourceTree = "<group>"; };
		D6CED6081A70CC3C00DCD7AC /* AppDelegate.h */ = {isa = PBXFileReference; lastKnownFileType = sourcecode.c.h; path = AppDelegate.h; sourceTree = "<group>"; };
		D6CED6091A70CC3C00DCD7AC /* AppDelegate.m */ = {isa = PBXFileReference; lastKnownFileType = sourcecode.c.objc; path = AppDelegate.m; sourceTree = "<group>"; };
		D6CED6111A70CC3C00DCD7AC /* Images.xcassets */ = {isa = PBXFileReference; lastKnownFileType = folder.assetcatalog; path = Images.xcassets; sourceTree = "<group>"; };
		D6CED6141A70CC3C00DCD7AC /* Base */ = {isa = PBXFileReference; lastKnownFileType = file.xib; name = Base; path = Base.lproj/LaunchScreen.xib; sourceTree = "<group>"; };
		D6CED61A1A70CC3C00DCD7AC /* Rotten TomatoesTests.xctest */ = {isa = PBXFileReference; explicitFileType = wrapper.cfbundle; includeInIndex = 0; path = "Rotten TomatoesTests.xctest"; sourceTree = BUILT_PRODUCTS_DIR; };
		D6CED61F1A70CC3C00DCD7AC /* Info.plist */ = {isa = PBXFileReference; lastKnownFileType = text.plist.xml; path = Info.plist; sourceTree = "<group>"; };
		D6CED6201A70CC3C00DCD7AC /* Rotten_TomatoesTests.m */ = {isa = PBXFileReference; lastKnownFileType = sourcecode.c.objc; path = Rotten_TomatoesTests.m; sourceTree = "<group>"; };
		D6CED62A1A70CDFD00DCD7AC /* MoviesViewController.h */ = {isa = PBXFileReference; fileEncoding = 4; lastKnownFileType = sourcecode.c.h; path = MoviesViewController.h; sourceTree = "<group>"; };
		D6CED62B1A70CDFD00DCD7AC /* MoviesViewController.m */ = {isa = PBXFileReference; fileEncoding = 4; lastKnownFileType = sourcecode.c.objc; path = MoviesViewController.m; sourceTree = "<group>"; };
		D6CED62C1A70CDFD00DCD7AC /* MoviesViewController.xib */ = {isa = PBXFileReference; fileEncoding = 4; lastKnownFileType = file.xib; path = MoviesViewController.xib; sourceTree = "<group>"; };
		D6CED6341A70E4FA00DCD7AC /* MovieCell.h */ = {isa = PBXFileReference; fileEncoding = 4; lastKnownFileType = sourcecode.c.h; path = MovieCell.h; sourceTree = "<group>"; };
		D6CED6351A70E4FA00DCD7AC /* MovieCell.m */ = {isa = PBXFileReference; fileEncoding = 4; lastKnownFileType = sourcecode.c.objc; path = MovieCell.m; sourceTree = "<group>"; };
		D6CED6361A70E4FA00DCD7AC /* MovieCell.xib */ = {isa = PBXFileReference; fileEncoding = 4; lastKnownFileType = file.xib; path = MovieCell.xib; sourceTree = "<group>"; };
		E58141BC568AE473D77F787B /* Pods.release.xcconfig */ = {isa = PBXFileReference; includeInIndex = 1; lastKnownFileType = text.xcconfig; name = Pods.release.xcconfig; path = "Pods/Target Support Files/Pods/Pods.release.xcconfig"; sourceTree = "<group>"; };
/* End PBXFileReference section */

/* Begin PBXFrameworksBuildPhase section */
		D6CED5FE1A70CC3B00DCD7AC /* Frameworks */ = {
			isa = PBXFrameworksBuildPhase;
			buildActionMask = 2147483647;
			files = (
				2CCA170A37D8227171589B3E /* libPods.a in Frameworks */,
			);
			runOnlyForDeploymentPostprocessing = 0;
		};
		D6CED6171A70CC3C00DCD7AC /* Frameworks */ = {
			isa = PBXFrameworksBuildPhase;
			buildActionMask = 2147483647;
			files = (
			);
			runOnlyForDeploymentPostprocessing = 0;
		};
/* End PBXFrameworksBuildPhase section */

/* Begin PBXGroup section */
		AFA48DA47B5662C836980090 /* Frameworks */ = {
			isa = PBXGroup;
			children = (
				2C2B5F65D8662C39B5592AB6 /* libPods.a */,
			);
			name = Frameworks;
			sourceTree = "<group>";
		};
		D1D4B2841CA92A8A342A7D65 /* Pods */ = {
			isa = PBXGroup;
			children = (
				40F2647A8554BA75C08A229A /* Pods.debug.xcconfig */,
				E58141BC568AE473D77F787B /* Pods.release.xcconfig */,
			);
			name = Pods;
			sourceTree = "<group>";
		};
		D6CED5F81A70CC3B00DCD7AC = {
			isa = PBXGroup;
			children = (
				D6CED6031A70CC3C00DCD7AC /* Rotten Tomatoes */,
				D6CED61D1A70CC3C00DCD7AC /* Rotten TomatoesTests */,
				D6CED6021A70CC3C00DCD7AC /* Products */,
				D1D4B2841CA92A8A342A7D65 /* Pods */,
				AFA48DA47B5662C836980090 /* Frameworks */,
			);
			sourceTree = "<group>";
		};
		D6CED6021A70CC3C00DCD7AC /* Products */ = {
			isa = PBXGroup;
			children = (
				D6CED6011A70CC3C00DCD7AC /* Rotten Tomatoes.app */,
				D6CED61A1A70CC3C00DCD7AC /* Rotten TomatoesTests.xctest */,
			);
			name = Products;
			sourceTree = "<group>";
		};
		D6CED6031A70CC3C00DCD7AC /* Rotten Tomatoes */ = {
			isa = PBXGroup;
			children = (
				D6CED6081A70CC3C00DCD7AC /* AppDelegate.h */,
				D6CED6091A70CC3C00DCD7AC /* AppDelegate.m */,
				D6CED6111A70CC3C00DCD7AC /* Images.xcassets */,
				D6CED6131A70CC3C00DCD7AC /* LaunchScreen.xib */,
				D6CED6041A70CC3C00DCD7AC /* Supporting Files */,
				D6CED62A1A70CDFD00DCD7AC /* MoviesViewController.h */,
				D6CED62B1A70CDFD00DCD7AC /* MoviesViewController.m */,
				D6CED62C1A70CDFD00DCD7AC /* MoviesViewController.xib */,
				D6CED6341A70E4FA00DCD7AC /* MovieCell.h */,
				D6CED6351A70E4FA00DCD7AC /* MovieCell.m */,
				D6CED6361A70E4FA00DCD7AC /* MovieCell.xib */,
				D6B806DC1A744F2D00A46D41 /* MovieDetailViewController.h */,
				D6B806DD1A744F2D00A46D41 /* MovieDetailViewController.m */,
				D6B806DE1A744F2D00A46D41 /* MovieDetailViewController.xib */,
			);
			path = "Rotten Tomatoes";
			sourceTree = "<group>";
		};
		D6CED6041A70CC3C00DCD7AC /* Supporting Files */ = {
			isa = PBXGroup;
			children = (
				D6CED6051A70CC3C00DCD7AC /* Info.plist */,
				D6CED6061A70CC3C00DCD7AC /* main.m */,
			);
			name = "Supporting Files";
			sourceTree = "<group>";
		};
		D6CED61D1A70CC3C00DCD7AC /* Rotten TomatoesTests */ = {
			isa = PBXGroup;
			children = (
				D6CED6201A70CC3C00DCD7AC /* Rotten_TomatoesTests.m */,
				D6CED61E1A70CC3C00DCD7AC /* Supporting Files */,
			);
			path = "Rotten TomatoesTests";
			sourceTree = "<group>";
		};
		D6CED61E1A70CC3C00DCD7AC /* Supporting Files */ = {
			isa = PBXGroup;
			children = (
				D6CED61F1A70CC3C00DCD7AC /* Info.plist */,
			);
			name = "Supporting Files";
			sourceTree = "<group>";
		};
/* End PBXGroup section */

/* Begin PBXNativeTarget section */
		D6CED6001A70CC3B00DCD7AC /* Rotten Tomatoes */ = {
			isa = PBXNativeTarget;
			buildConfigurationList = D6CED6241A70CC3C00DCD7AC /* Build configuration list for PBXNativeTarget "Rotten Tomatoes" */;
			buildPhases = (
				F8A3C2B46E98DB9E4348E6FE /* Check Pods Manifest.lock */,
				D6CED5FD1A70CC3B00DCD7AC /* Sources */,
				D6CED5FE1A70CC3B00DCD7AC /* Frameworks */,
				D6CED5FF1A70CC3B00DCD7AC /* Resources */,
				D353FC45123B980787ACD2CD /* Copy Pods Resources */,
			);
			buildRules = (
			);
			dependencies = (
			);
			name = "Rotten Tomatoes";
			productName = "Rotten Tomatoes";
			productReference = D6CED6011A70CC3C00DCD7AC /* Rotten Tomatoes.app */;
			productType = "com.apple.product-type.application";
		};
		D6CED6191A70CC3C00DCD7AC /* Rotten TomatoesTests */ = {
			isa = PBXNativeTarget;
			buildConfigurationList = D6CED6271A70CC3C00DCD7AC /* Build configuration list for PBXNativeTarget "Rotten TomatoesTests" */;
			buildPhases = (
				D6CED6161A70CC3C00DCD7AC /* Sources */,
				D6CED6171A70CC3C00DCD7AC /* Frameworks */,
				D6CED6181A70CC3C00DCD7AC /* Resources */,
			);
			buildRules = (
			);
			dependencies = (
				D6CED61C1A70CC3C00DCD7AC /* PBXTargetDependency */,
			);
			name = "Rotten TomatoesTests";
			productName = "Rotten TomatoesTests";
			productReference = D6CED61A1A70CC3C00DCD7AC /* Rotten TomatoesTests.xctest */;
			productType = "com.apple.product-type.bundle.unit-test";
		};
/* End PBXNativeTarget section */

/* Begin PBXProject section */
		D6CED5F91A70CC3B00DCD7AC /* Project object */ = {
			isa = PBXProject;
			attributes = {
				LastUpgradeCheck = 0600;
				ORGANIZATIONNAME = fabian;
				TargetAttributes = {
					D6CED6001A70CC3B00DCD7AC = {
						CreatedOnToolsVersion = 6.0;
					};
					D6CED6191A70CC3C00DCD7AC = {
						CreatedOnToolsVersion = 6.0;
						TestTargetID = D6CED6001A70CC3B00DCD7AC;
					};
				};
			};
			buildConfigurationList = D6CED5FC1A70CC3B00DCD7AC /* Build configuration list for PBXProject "Rotten Tomatoes" */;
			compatibilityVersion = "Xcode 3.2";
			developmentRegion = English;
			hasScannedForEncodings = 0;
			knownRegions = (
				en,
				Base,
			);
			mainGroup = D6CED5F81A70CC3B00DCD7AC;
			productRefGroup = D6CED6021A70CC3C00DCD7AC /* Products */;
			projectDirPath = "";
			projectRoot = "";
			targets = (
				D6CED6001A70CC3B00DCD7AC /* Rotten Tomatoes */,
				D6CED6191A70CC3C00DCD7AC /* Rotten TomatoesTests */,
			);
		};
/* End PBXProject section */

/* Begin PBXResourcesBuildPhase section */
		D6CED5FF1A70CC3B00DCD7AC /* Resources */ = {
			isa = PBXResourcesBuildPhase;
			buildActionMask = 2147483647;
			files = (
				D6B806E01A744F2D00A46D41 /* MovieDetailViewController.xib in Resources */,
				D6CED6151A70CC3C00DCD7AC /* LaunchScreen.xib in Resources */,
				D6CED62E1A70CDFD00DCD7AC /* MoviesViewController.xib in Resources */,
				D6CED6381A70E4FA00DCD7AC /* MovieCell.xib in Resources */,
				D6CED6121A70CC3C00DCD7AC /* Images.xcassets in Resources */,
			);
			runOnlyForDeploymentPostprocessing = 0;
		};
		D6CED6181A70CC3C00DCD7AC /* Resources */ = {
			isa = PBXResourcesBuildPhase;
			buildActionMask = 2147483647;
			files = (
			);
			runOnlyForDeploymentPostprocessing = 0;
		};
/* End PBXResourcesBuildPhase section */

/* Begin PBXShellScriptBuildPhase section */
		D353FC45123B980787ACD2CD /* Copy Pods Resources */ = {
			isa = PBXShellScriptBuildPhase;
			buildActionMask = 2147483647;
			files = (
			);
			inputPaths = (
			);
			name = "Copy Pods Resources";
			outputPaths = (
			);
			runOnlyForDeploymentPostprocessing = 0;
			shellPath = /bin/sh;
			shellScript = "\"${SRCROOT}/Pods/Target Support Files/Pods/Pods-resources.sh\"\n";
			showEnvVarsInLog = 0;
		};
		F8A3C2B46E98DB9E4348E6FE /* Check Pods Manifest.lock */ = {
			isa = PBXShellScriptBuildPhase;
			buildActionMask = 2147483647;
			files = (
			);
			inputPaths = (
			);
			name = "Check Pods Manifest.lock";
			outputPaths = (
			);
			runOnlyForDeploymentPostprocessing = 0;
			shellPath = /bin/sh;
			shellScript = "diff \"${PODS_ROOT}/../Podfile.lock\" \"${PODS_ROOT}/Manifest.lock\" > /dev/null\nif [[ $? != 0 ]] ; then\n    cat << EOM\nerror: The sandbox is not in sync with the Podfile.lock. Run 'pod install' or update your CocoaPods installation.\nEOM\n    exit 1\nfi\n";
			showEnvVarsInLog = 0;
		};
/* End PBXShellScriptBuildPhase section */

/* Begin PBXSourcesBuildPhase section */
		D6CED5FD1A70CC3B00DCD7AC /* Sources */ = {
			isa = PBXSourcesBuildPhase;
			buildActionMask = 2147483647;
			files = (
				D6CED62D1A70CDFD00DCD7AC /* MoviesViewController.m in Sources */,
				D6CED60A1A70CC3C00DCD7AC /* AppDelegate.m in Sources */,
				D6B806DF1A744F2D00A46D41 /* MovieDetailViewController.m in Sources */,
				D6CED6371A70E4FA00DCD7AC /* MovieCell.m in Sources */,
				D6CED6071A70CC3C00DCD7AC /* main.m in Sources */,
			);
			runOnlyForDeploymentPostprocessing = 0;
		};
		D6CED6161A70CC3C00DCD7AC /* Sources */ = {
			isa = PBXSourcesBuildPhase;
			buildActionMask = 2147483647;
			files = (
				D6CED6211A70CC3C00DCD7AC /* Rotten_TomatoesTests.m in Sources */,
			);
			runOnlyForDeploymentPostprocessing = 0;
		};
/* End PBXSourcesBuildPhase section */

/* Begin PBXTargetDependency section */
		D6CED61C1A70CC3C00DCD7AC /* PBXTargetDependency */ = {
			isa = PBXTargetDependency;
			target = D6CED6001A70CC3B00DCD7AC /* Rotten Tomatoes */;
			targetProxy = D6CED61B1A70CC3C00DCD7AC /* PBXContainerItemProxy */;
		};
/* End PBXTargetDependency section */

/* Begin PBXVariantGroup section */
		D6CED6131A70CC3C00DCD7AC /* LaunchScreen.xib */ = {
			isa = PBXVariantGroup;
			children = (
				D6CED6141A70CC3C00DCD7AC /* Base */,
			);
			name = LaunchScreen.xib;
			sourceTree = "<group>";
		};
/* End PBXVariantGroup section */

/* Begin XCBuildConfiguration section */
		D6CED6221A70CC3C00DCD7AC /* Debug */ = {
			isa = XCBuildConfiguration;
			buildSettings = {
				ALWAYS_SEARCH_USER_PATHS = NO;
				CLANG_CXX_LANGUAGE_STANDARD = "gnu++0x";
				CLANG_CXX_LIBRARY = "libc++";
				CLANG_ENABLE_MODULES = YES;
				CLANG_ENABLE_OBJC_ARC = YES;
				CLANG_WARN_BOOL_CONVERSION = YES;
				CLANG_WARN_CONSTANT_CONVERSION = YES;
				CLANG_WARN_DIRECT_OBJC_ISA_USAGE = YES_ERROR;
				CLANG_WARN_EMPTY_BODY = YES;
				CLANG_WARN_ENUM_CONVERSION = YES;
				CLANG_WARN_INT_CONVERSION = YES;
				CLANG_WARN_OBJC_ROOT_CLASS = YES_ERROR;
				CLANG_WARN_UNREACHABLE_CODE = YES;
				CLANG_WARN__DUPLICATE_METHOD_MATCH = YES;
				"CODE_SIGN_IDENTITY[sdk=iphoneos*]" = "iPhone Developer";
				COPY_PHASE_STRIP = NO;
				ENABLE_STRICT_OBJC_MSGSEND = YES;
				GCC_C_LANGUAGE_STANDARD = gnu99;
				GCC_DYNAMIC_NO_PIC = NO;
				GCC_OPTIMIZATION_LEVEL = 0;
				GCC_PREPROCESSOR_DEFINITIONS = (
					"DEBUG=1",
					"$(inherited)",
				);
				GCC_SYMBOLS_PRIVATE_EXTERN = NO;
				GCC_WARN_64_TO_32_BIT_CONVERSION = YES;
				GCC_WARN_ABOUT_RETURN_TYPE = YES_ERROR;
				GCC_WARN_UNDECLARED_SELECTOR = YES;
				GCC_WARN_UNINITIALIZED_AUTOS = YES_AGGRESSIVE;
				GCC_WARN_UNUSED_FUNCTION = YES;
				GCC_WARN_UNUSED_VARIABLE = YES;
				IPHONEOS_DEPLOYMENT_TARGET = 8.0;
				MTL_ENABLE_DEBUG_INFO = YES;
				ONLY_ACTIVE_ARCH = YES;
				SDKROOT = iphoneos;
			};
			name = Debug;
		};
		D6CED6231A70CC3C00DCD7AC /* Release */ = {
			isa = XCBuildConfiguration;
			buildSettings = {
				ALWAYS_SEARCH_USER_PATHS = NO;
				CLANG_CXX_LANGUAGE_STANDARD = "gnu++0x";
				CLANG_CXX_LIBRARY = "libc++";
				CLANG_ENABLE_MODULES = YES;
				CLANG_ENABLE_OBJC_ARC = YES;
				CLANG_WARN_BOOL_CONVERSION = YES;
				CLANG_WARN_CONSTANT_CONVERSION = YES;
				CLANG_WARN_DIRECT_OBJC_ISA_USAGE = YES_ERROR;
				CLANG_WARN_EMPTY_BODY = YES;
				CLANG_WARN_ENUM_CONVERSION = YES;
				CLANG_WARN_INT_CONVERSION = YES;
				CLANG_WARN_OBJC_ROOT_CLASS = YES_ERROR;
				CLANG_WARN_UNREACHABLE_CODE = YES;
				CLANG_WARN__DUPLICATE_METHOD_MATCH = YES;
				"CODE_SIGN_IDENTITY[sdk=iphoneos*]" = "iPhone Developer";
				COPY_PHASE_STRIP = YES;
				ENABLE_NS_ASSERTIONS = NO;
				ENABLE_STRICT_OBJC_MSGSEND = YES;
				GCC_C_LANGUAGE_STANDARD = gnu99;
				GCC_WARN_64_TO_32_BIT_CONVERSION = YES;
				GCC_WARN_ABOUT_RETURN_TYPE = YES_ERROR;
				GCC_WARN_UNDECLARED_SELECTOR = YES;
				GCC_WARN_UNINITIALIZED_AUTOS = YES_AGGRESSIVE;
				GCC_WARN_UNUSED_FUNCTION = YES;
				GCC_WARN_UNUSED_VARIABLE = YES;
				IPHONEOS_DEPLOYMENT_TARGET = 8.0;
				MTL_ENABLE_DEBUG_INFO = NO;
				SDKROOT = iphoneos;
				VALIDATE_PRODUCT = YES;
			};
			name = Release;
		};
		D6CED6251A70CC3C00DCD7AC /* Debug */ = {
			isa = XCBuildConfiguration;
			baseConfigurationReference = 40F2647A8554BA75C08A229A /* Pods.debug.xcconfig */;
			buildSettings = {
				ASSETCATALOG_COMPILER_APPICON_NAME = AppIcon;
				INFOPLIST_FILE = "Rotten Tomatoes/Info.plist";
				LD_RUNPATH_SEARCH_PATHS = "$(inherited) @executable_path/Frameworks";
				PRODUCT_NAME = "$(TARGET_NAME)";
			};
			name = Debug;
		};
		D6CED6261A70CC3C00DCD7AC /* Release */ = {
			isa = XCBuildConfiguration;
			baseConfigurationReference = E58141BC568AE473D77F787B /* Pods.release.xcconfig */;
			buildSettings = {
				ASSETCATALOG_COMPILER_APPICON_NAME = AppIcon;
				INFOPLIST_FILE = "Rotten Tomatoes/Info.plist";
				LD_RUNPATH_SEARCH_PATHS = "$(inherited) @executable_path/Frameworks";
				PRODUCT_NAME = "$(TARGET_NAME)";
			};
			name = Release;
		};
		D6CED6281A70CC3C00DCD7AC /* Debug */ = {
			isa = XCBuildConfiguration;
			buildSettings = {
				BUNDLE_LOADER = "$(TEST_HOST)";
				FRAMEWORK_SEARCH_PATHS = (
					"$(SDKROOT)/Developer/Library/Frameworks",
					"$(inherited)",
				);
				GCC_PREPROCESSOR_DEFINITIONS = (
					"DEBUG=1",
					"$(inherited)",
				);
				INFOPLIST_FILE = "Rotten TomatoesTests/Info.plist";
				LD_RUNPATH_SEARCH_PATHS = "$(inherited) @executable_path/Frameworks @loader_path/Frameworks";
				PRODUCT_NAME = "$(TARGET_NAME)";
				TEST_HOST = "$(BUILT_PRODUCTS_DIR)/Rotten Tomatoes.app/Rotten Tomatoes";
			};
			name = Debug;
		};
		D6CED6291A70CC3C00DCD7AC /* Release */ = {
			isa = XCBuildConfiguration;
			buildSettings = {
				BUNDLE_LOADER = "$(TEST_HOST)";
				FRAMEWORK_SEARCH_PATHS = (
					"$(SDKROOT)/Developer/Library/Frameworks",
					"$(inherited)",
				);
				INFOPLIST_FILE = "Rotten TomatoesTests/Info.plist";
				LD_RUNPATH_SEARCH_PATHS = "$(inherited) @executable_path/Frameworks @loader_path/Frameworks";
				PRODUCT_NAME = "$(TARGET_NAME)";
				TEST_HOST = "$(BUILT_PRODUCTS_DIR)/Rotten Tomatoes.app/Rotten Tomatoes";
			};
			name = Release;
		};
/* End XCBuildConfiguration section */

/* Begin XCConfigurationList section */
		D6CED5FC1A70CC3B00DCD7AC /* Build configuration list for PBXProject "Rotten Tomatoes" */ = {
			isa = XCConfigurationList;
			buildConfigurations = (
				D6CED6221A70CC3C00DCD7AC /* Debug */,
				D6CED6231A70CC3C00DCD7AC /* Release */,
			);
			defaultConfigurationIsVisible = 0;
			defaultConfigurationName = Release;
		};
		D6CED6241A70CC3C00DCD7AC /* Build configuration list for PBXNativeTarget "Rotten Tomatoes" */ = {
			isa = XCConfigurationList;
			buildConfigurations = (
				D6CED6251A70CC3C00DCD7AC /* Debug */,
				D6CED6261A70CC3C00DCD7AC /* Release */,
			);
			defaultConfigurationIsVisible = 0;
			defaultConfigurationName = Release;
		};
		D6CED6271A70CC3C00DCD7AC /* Build configuration list for PBXNativeTarget "Rotten TomatoesTests" */ = {
			isa = XCConfigurationList;
			buildConfigurations = (
				D6CED6281A70CC3C00DCD7AC /* Debug */,
				D6CED6291A70CC3C00DCD7AC /* Release */,
			);
			defaultConfigurationIsVisible = 0;
			defaultConfigurationName = Release;
		};
/* End XCConfigurationList section */
	};
	rootObject = D6CED5F91A70CC3B00DCD7AC /* Project object */;
}
